
Microsoft Visual Studio Solution File, Format Version 12.00
# Visual Studio 2012
Project("{FAE04EC0-301F-11D3-BF4B-00C04F79EFBC}") = "kXtensions", "kXtensions\kXtensions.csproj", "{14026788-6BA5-4956-9AD8-DDF3A5E19AB8}"
EndProject
Project("{FAE04EC0-301F-11D3-BF4B-00C04F79EFBC}") = "kXtensions.Specs", "kXtensions.Specs\kXtensions.Specs.csproj", "{D960B5E8-E1F8-4DA4-8192-9165699018FC}"
EndProject
Global
	GlobalSection(SolutionConfigurationPlatforms) = preSolution
		Debug|Any CPU = Debug|Any CPU
		Release|Any CPU = Release|Any CPU
	EndGlobalSection
	GlobalSection(ProjectConfigurationPlatforms) = postSolution
		{14026788-6BA5-4956-9AD8-DDF3A5E19AB8}.Debug|Any CPU.ActiveCfg = Debug|Any CPU
		{14026788-6BA5-4956-9AD8-DDF3A5E19AB8}.Debug|Any CPU.Build.0 = Debug|Any CPU
		{14026788-6BA5-4956-9AD8-DDF3A5E19AB8}.Release|Any CPU.ActiveCfg = Release|Any CPU
		{14026788-6BA5-4956-9AD8-DDF3A5E19AB8}.Release|Any CPU.Build.0 = Release|Any CPU
		{D960B5E8-E1F8-4DA4-8192-9165699018FC}.Debug|Any CPU.ActiveCfg = Debug|Any CPU
		{D960B5E8-E1F8-4DA4-8192-9165699018FC}.Debug|Any CPU.Build.0 = Debug|Any CPU
		{D960B5E8-E1F8-4DA4-8192-9165699018FC}.Release|Any CPU.ActiveCfg = Release|Any CPU
		{D960B5E8-E1F8-4DA4-8192-9165699018FC}.Release|Any CPU.Build.0 = Release|Any CPU
	EndGlobalSection
	GlobalSection(SolutionProperties) = preSolution
		HideSolutionNode = FALSE
	EndGlobalSection
EndGlobal
